
Microsoft Visual Studio Solution File, Format Version 12.00
# Visual Studio Version 17
VisualStudioVersion = 17.5.002.0
MinimumVisualStudioVersion = 10.0.40219.1
Project("{9A19103F-16F7-4668-BE54-9A1E7A4F7556}") = "TheAgencyApi", "TheAgencyApi\TheAgencyApi.csproj", "{ED2A36F4-D72D-466B-89AA-D585A22F709D}"
EndProject
Project("{FAE04EC0-301F-11D3-BF4B-00C04F79EFBC}") = "TheAgencyApi.UnitTests", "TheAgencyApi.UnitTests\TheAgencyApi.UnitTests.csproj", "{3EA91084-D70D-4429-A1F9-989D69929BAA}"
EndProject
Global
	GlobalSection(SolutionConfigurationPlatforms) = preSolution
		Debug|Any CPU = Debug|Any CPU
		Release|Any CPU = Release|Any CPU
	EndGlobalSection
	GlobalSection(ProjectConfigurationPlatforms) = postSolution
		{ED2A36F4-D72D-466B-89AA-D585A22F709D}.Debug|Any CPU.ActiveCfg = Debug|Any CPU
		{ED2A36F4-D72D-466B-89AA-D585A22F709D}.Debug|Any CPU.Build.0 = Debug|Any CPU
		{ED2A36F4-D72D-466B-89AA-D585A22F709D}.Release|Any CPU.ActiveCfg = Release|Any CPU
		{ED2A36F4-D72D-466B-89AA-D585A22F709D}.Release|Any CPU.Build.0 = Release|Any CPU
		{3EA91084-D70D-4429-A1F9-989D69929BAA}.Debug|Any CPU.ActiveCfg = Debug|Any CPU
		{3EA91084-D70D-4429-A1F9-989D69929BAA}.Debug|Any CPU.Build.0 = Debug|Any CPU
		{3EA91084-D70D-4429-A1F9-989D69929BAA}.Release|Any CPU.ActiveCfg = Release|Any CPU
		{3EA91084-D70D-4429-A1F9-989D69929BAA}.Release|Any CPU.Build.0 = Release|Any CPU
	EndGlobalSection
	GlobalSection(SolutionProperties) = preSolution
		HideSolutionNode = FALSE
	EndGlobalSection
	GlobalSection(ExtensibilityGlobals) = postSolution
		SolutionGuid = {B73905F0-C27B-4E66-8F8A-4CDAA9C8E09E}
	EndGlobalSection
EndGlobal
